# This file is automatically @generated by Cargo.
# It is not intended for manual editing.
version = 4

[[package]]
name = "aarch64-cpu"
version = "9.4.0"
source = "registry+https://github.com/rust-lang/crates.io-index"
checksum = "ac42a04a61c19fc8196dd728022a784baecc5d63d7e256c01ad1b3fbfab26287"
dependencies = [
 "tock-registers",
]

[[package]]
name = "aarch64_sysreg"
version = "0.1.1"
source = "registry+https://github.com/rust-lang/crates.io-index"
checksum = "0a2c929f5025d9b8a0f549b187c4d3a39671f44015ff6ccddd0b134c874b3c1a"

[[package]]
name = "ahash"
version = "0.8.11"
source = "registry+https://github.com/rust-lang/crates.io-index"
checksum = "e89da841a80418a9b391ebaea17f5c112ffaaa96f621d2c285b5174da76b9011"
dependencies = [
 "cfg-if",
 "const-random",
 "once_cell",
 "version_check",
 "zerocopy",
]

[[package]]
name = "aho-corasick"
version = "1.1.3"
source = "registry+https://github.com/rust-lang/crates.io-index"
checksum = "8e60d3430d3a69478ad0993f19238d2df97c507009a52b3c10addcd7f6bcb916"
dependencies = [
 "memchr",
]

[[package]]
name = "allocator"
version = "0.1.1"
source = "git+https://github.com/arceos-org/allocator.git?tag=v0.1.1#1d5b7a1b4fd8db4c9c9cea4e6012d15d42e2bf40"
dependencies = [
 "bitmap-allocator",
 "cfg-if",
 "rlsf",
]

[[package]]
name = "allocator-api2"
version = "0.2.21"
source = "registry+https://github.com/rust-lang/crates.io-index"
checksum = "683d7910e743518b0e34f1186f92494becacb047c7b6bf616c96772180fef923"

[[package]]
name = "anstream"
version = "0.6.18"
source = "registry+https://github.com/rust-lang/crates.io-index"
checksum = "8acc5369981196006228e28809f761875c0327210a891e941f4c683b3a99529b"
dependencies = [
 "anstyle",
 "anstyle-parse",
 "anstyle-query",
 "anstyle-wincon",
 "colorchoice",
 "is_terminal_polyfill",
 "utf8parse",
]

[[package]]
name = "anstyle"
version = "1.0.10"
source = "registry+https://github.com/rust-lang/crates.io-index"
checksum = "55cc3b69f167a1ef2e161439aa98aed94e6028e5f9a59be9a6ffb47aef1651f9"

[[package]]
name = "anstyle-parse"
version = "0.2.6"
source = "registry+https://github.com/rust-lang/crates.io-index"
checksum = "3b2d16507662817a6a20a9ea92df6652ee4f94f914589377d69f3b21bc5798a9"
dependencies = [
 "utf8parse",
]

[[package]]
name = "anstyle-query"
version = "1.1.2"
source = "registry+https://github.com/rust-lang/crates.io-index"
checksum = "79947af37f4177cfead1110013d678905c37501914fba0efea834c3fe9a8d60c"
dependencies = [
 "windows-sys",
]

[[package]]
name = "anstyle-wincon"
version = "3.0.6"
source = "registry+https://github.com/rust-lang/crates.io-index"
checksum = "2109dbce0e72be3ec00bed26e6a7479ca384ad226efdd66db8fa2e3a38c83125"
dependencies = [
 "anstyle",
 "windows-sys",
]

[[package]]
name = "arceos-vmm"
version = "0.1.0"
dependencies = [
 "axaddrspace",
 "axconfig",
 "axerrno",
 "axstd",
 "axvcpu 0.1.0 (git+https://github.com/arceos-hypervisor/axvcpu.git?branch=inject_interrupt)",
 "axvm",
 "bitflags 2.6.0",
 "crate_interface",
 "lazyinit",
 "log",
 "memory_addr",
 "page_table_entry",
 "page_table_multiarch",
 "percpu",
 "spin",
 "toml",
]

[[package]]
name = "arceos_api"
version = "0.1.0"
source = "git+https://github.com/arceos-hypervisor/arceos.git?branch=vmm#39848356f3bb43c1c0a5b02a6188bd3235e789a5"
dependencies = [
 "axalloc",
 "axconfig",
 "axdriver",
 "axerrno",
 "axfeat",
 "axfs",
 "axhal",
 "axio",
 "axipi",
 "axlog",
 "axruntime",
 "axsync",
 "axtask",
]

[[package]]
name = "arm_gicv2"
version = "0.1.0"
source = "git+https://github.com/arceos-hypervisor/arm_gicv2#eee14941d490719f6689e82f9a87caea6767bdc3"
dependencies = [
 "tock-registers",
]

[[package]]
name = "arm_pl011"
version = "0.1.0"
source = "registry+https://github.com/rust-lang/crates.io-index"
checksum = "efcf6afca4502993a737ba1e00952d1321078689da92bf7aab27d4e5756c0bec"
dependencies = [
 "tock-registers",
]

[[package]]
name = "arm_vcpu"
version = "0.1.0"
source = "git+https://github.com/arceos-hypervisor/arm_vcpu.git#5adab4c6e93664179a7ff15d42c5fd27b45005e0"
dependencies = [
 "aarch64-cpu",
 "aarch64_sysreg",
 "axaddrspace",
 "axerrno",
 "axvcpu 0.1.0 (git+https://github.com/arceos-hypervisor/axvcpu.git)",
 "log",
 "numeric-enum-macro",
 "percpu",
 "spin",
 "tock-registers",
]

[[package]]
name = "autocfg"
version = "1.4.0"
source = "registry+https://github.com/rust-lang/crates.io-index"
checksum = "ace50bade8e6234aa140d9a2f552bbee1db4d353f69b8217bc503490fc1a9f26"

[[package]]
name = "axaddrspace"
version = "0.1.0"
source = "git+https://github.com/arceos-hypervisor/axaddrspace.git#f1ab1108c1477f6f4f56035b74ea76c8932d6b8d"
dependencies = [
 "axerrno",
 "bit_field",
 "bitflags 2.6.0",
 "cfg-if",
 "lazyinit",
 "log",
 "memory_addr",
 "memory_set",
 "numeric-enum-macro",
 "page_table_entry",
 "page_table_multiarch",
]

[[package]]
name = "axalloc"
version = "0.1.0"
source = "git+https://github.com/arceos-hypervisor/arceos.git?branch=vmm#39848356f3bb43c1c0a5b02a6188bd3235e789a5"
dependencies = [
 "allocator",
 "axerrno",
 "cfg-if",
 "kspin",
 "log",
 "memory_addr",
]

[[package]]
name = "axconfig"
version = "0.1.0"
source = "git+https://github.com/arceos-hypervisor/arceos.git?branch=vmm#39848356f3bb43c1c0a5b02a6188bd3235e789a5"
dependencies = [
 "axconfig-gen-macros",
]

[[package]]
name = "axconfig-gen"
version = "0.1.0"
source = "registry+https://github.com/rust-lang/crates.io-index"
checksum = "9ffa518605969ff8f4ebce2cdc3b6090345152c14987ec540601335effbf36d5"
dependencies = [
 "clap",
 "toml_edit 0.22.22",
]

[[package]]
name = "axconfig-gen-macros"
version = "0.1.0"
source = "registry+https://github.com/rust-lang/crates.io-index"
checksum = "92110c7e7a5633d7fb8a402393c91c326ad6d19710bb9cfa5ab4095e63c25948"
dependencies = [
 "axconfig-gen",
 "proc-macro2",
 "quote",
 "syn 2.0.93",
]

[[package]]
name = "axdevice"
version = "0.1.0"
source = "git+https://github.com/arceos-hypervisor/axdevice.git#8652ce80b2c53310fb7b0f8ac275f2dfcfbb1338"
dependencies = [
 "axaddrspace 0.1.0 (git+https://github.com/arceos-hypervisor/axaddrspace.git?branch=inject_interrupt)",
 "axdevice_base",
 "axerrno",
 "axvmconfig",
 "cfg-if",
 "log",
 "memory_addr",
]

[[package]]
name = "axdevice_base"
version = "0.1.0"
source = "git+https://github.com/arceos-hypervisor/axdevice_crates.git#28d49f147793997a9db1ebb75a34295cde2a107d"
dependencies = [
 "axaddrspace 0.1.0 (git+https://github.com/arceos-hypervisor/axaddrspace.git?branch=inject_interrupt)",
 "axerrno",
 "cfg-if",
 "cpumask",
 "memory_addr",
 "serde",
]

[[package]]
name = "axdriver"
version = "0.1.0"
source = "git+https://github.com/arceos-hypervisor/arceos.git?branch=vmm#39848356f3bb43c1c0a5b02a6188bd3235e789a5"
dependencies = [
 "axalloc",
 "axconfig",
 "axdriver_base",
 "axdriver_block",
 "axdriver_pci",
 "axdriver_virtio",
 "axhal",
 "cfg-if",
 "log",
]

[[package]]
name = "axdriver_base"
version = "0.1.0"
source = "git+https://github.com/arceos-org/axdriver_crates.git?tag=v0.1.0#78686a7e70c9203ba29e425929c393fbb7eca208"

[[package]]
name = "axdriver_block"
version = "0.1.0"
source = "git+https://github.com/arceos-org/axdriver_crates.git?tag=v0.1.0#78686a7e70c9203ba29e425929c393fbb7eca208"
dependencies = [
 "axdriver_base",
 "log",
]

[[package]]
name = "axdriver_pci"
version = "0.1.0"
source = "git+https://github.com/arceos-org/axdriver_crates.git?tag=v0.1.0#78686a7e70c9203ba29e425929c393fbb7eca208"
dependencies = [
 "virtio-drivers",
]

[[package]]
name = "axdriver_virtio"
version = "0.1.0"
source = "git+https://github.com/arceos-org/axdriver_crates.git?tag=v0.1.0#78686a7e70c9203ba29e425929c393fbb7eca208"
dependencies = [
 "axdriver_base",
 "axdriver_block",
 "virtio-drivers",
]

[[package]]
name = "axerrno"
version = "0.1.0"
source = "registry+https://github.com/rust-lang/crates.io-index"
checksum = "66ccd41dd4ef364e2385901a5c2a3adea974a41eccb2529c1f24e4c8bc93d834"
dependencies = [
 "log",
]

[[package]]
name = "axfeat"
version = "0.1.0"
source = "git+https://github.com/arceos-hypervisor/arceos.git?branch=vmm#39848356f3bb43c1c0a5b02a6188bd3235e789a5"
dependencies = [
 "axalloc",
 "axdriver",
 "axfs",
 "axhal",
 "axipi",
 "axlog",
 "axruntime",
 "axsync",
 "axtask",
 "kspin",
]

[[package]]
name = "axfs"
version = "0.1.0"
source = "git+https://github.com/arceos-hypervisor/arceos.git?branch=vmm#39848356f3bb43c1c0a5b02a6188bd3235e789a5"
dependencies = [
 "axdriver",
 "axdriver_block",
 "axerrno",
 "axfs_devfs",
 "axfs_ramfs",
 "axfs_vfs",
 "axio",
 "axsync",
 "cap_access",
 "cfg-if",
 "fatfs",
 "lazyinit",
 "log",
]

[[package]]
name = "axfs_devfs"
version = "0.1.1"
source = "registry+https://github.com/rust-lang/crates.io-index"
checksum = "d62eff0490e10cd2c2a74be2979820f0293fa5ebe00ee8bfd87b88ac7dd7d235"
dependencies = [
 "axfs_vfs",
 "log",
 "spin",
]

[[package]]
name = "axfs_ramfs"
version = "0.1.1"
source = "registry+https://github.com/rust-lang/crates.io-index"
checksum = "db46c6dae25a123579d5fdcdcc502d0dc2a8af86646106004c8a9181433271b1"
dependencies = [
 "axfs_vfs",
 "log",
 "spin",
]

[[package]]
name = "axfs_vfs"
version = "0.1.1"
source = "registry+https://github.com/rust-lang/crates.io-index"
checksum = "2314ebe07a2fef7b1c1a7d15ab817941cd306ace651bb50024b5a8b3e8485359"
dependencies = [
 "axerrno",
 "bitflags 2.6.0",
 "log",
]

[[package]]
name = "axhal"
version = "0.1.0"
source = "git+https://github.com/arceos-hypervisor/arceos.git?branch=vmm#39848356f3bb43c1c0a5b02a6188bd3235e789a5"
dependencies = [
 "aarch64-cpu",
 "arm_gicv2",
 "arm_pl011",
 "axalloc",
 "axconfig",
 "axlog",
 "bitflags 2.6.0",
 "cfg-if",
 "cortex-a",
 "crate_interface",
 "dw_apb_uart",
 "handler_table",
 "int_ratio",
 "kernel_guard",
 "kspin",
 "lazyinit",
 "linkme",
 "log",
 "memory_addr",
 "page_table_entry",
 "page_table_multiarch",
 "percpu",
 "raw-cpuid 11.2.0",
 "riscv 0.11.1",
 "sbi-rt",
 "static_assertions",
 "tock-registers",
 "x2apic",
 "x86",
 "x86_64 0.15.2",
]

[[package]]
name = "axio"
version = "0.1.0"
source = "registry+https://github.com/rust-lang/crates.io-index"
checksum = "d8ca9c10ea4cd42bda87a2abde281fb481c76a0b05976fd03697385ea65d5122"
dependencies = [
 "axerrno",
]

[[package]]
name = "axipi"
version = "0.1.0"
source = "git+https://github.com/arceos-hypervisor/arceos.git?branch=vmm_inject_interrupt#c47d88b40ba6eb2757fc6227adcc600813061bce"
dependencies = [
 "axconfig",
 "axhal",
 "kspin",
 "lazyinit",
 "log",
 "percpu",
]

[[package]]
name = "axlog"
version = "0.1.0"
source = "git+https://github.com/arceos-hypervisor/arceos.git?branch=vmm#39848356f3bb43c1c0a5b02a6188bd3235e789a5"
dependencies = [
 "cfg-if",
 "crate_interface",
 "kspin",
 "log",
]

[[package]]
name = "axmm"
version = "0.1.0"
source = "git+https://github.com/arceos-hypervisor/arceos.git?branch=vmm#39848356f3bb43c1c0a5b02a6188bd3235e789a5"
dependencies = [
 "axconfig",
 "axerrno",
 "axhal",
 "kspin",
 "lazyinit",
 "log",
 "memory_addr",
]

[[package]]
name = "axruntime"
version = "0.1.0"
source = "git+https://github.com/arceos-hypervisor/arceos.git?branch=vmm#39848356f3bb43c1c0a5b02a6188bd3235e789a5"
dependencies = [
 "axalloc",
 "axconfig",
 "axdriver",
 "axfs",
 "axhal",
 "axipi",
 "axlog",
 "axmm",
 "axtask",
 "chrono",
 "crate_interface",
 "kernel_guard",
 "percpu",
]

[[package]]
name = "axstd"
version = "0.1.0"
source = "git+https://github.com/arceos-hypervisor/arceos.git?branch=vmm#39848356f3bb43c1c0a5b02a6188bd3235e789a5"
dependencies = [
 "arceos_api",
 "axerrno",
 "axfeat",
 "axio",
 "kspin",
]

[[package]]
name = "axsync"
version = "0.1.0"
source = "git+https://github.com/arceos-hypervisor/arceos.git?branch=vmm#39848356f3bb43c1c0a5b02a6188bd3235e789a5"
dependencies = [
 "axtask",
 "kspin",
]

[[package]]
name = "axtask"
version = "0.1.0"
source = "git+https://github.com/arceos-hypervisor/arceos.git?branch=vmm#39848356f3bb43c1c0a5b02a6188bd3235e789a5"
dependencies = [
 "axconfig",
 "axhal",
 "cfg-if",
 "cpumask",
 "crate_interface",
 "kernel_guard",
 "kspin",
 "lazyinit",
 "log",
 "memory_addr",
 "percpu",
 "scheduler",
 "timer_list",
]

[[package]]
name = "axvcpu"
version = "0.1.0"
source = "git+https://github.com/arceos-hypervisor/axvcpu.git#8414a575723f929d5fd24010ce16446d90ecf268"
dependencies = [
 "axaddrspace 0.1.0 (git+https://github.com/arceos-hypervisor/axaddrspace.git)",
 "axerrno",
 "memory_addr",
 "percpu",
]

[[package]]
name = "axvm"
version = "0.1.0"
source = "git+https://github.com/arceos-hypervisor/axvm.git#f431309c3194a59a038a8f81f8f9a39fcd5460aa"
dependencies = [
 "arm_vcpu",
 "axaddrspace 0.1.0 (git+https://github.com/arceos-hypervisor/axaddrspace.git?branch=inject_interrupt)",
 "axdevice",
 "axerrno",
 "axvcpu",
 "axvmconfig",
 "cfg-if",
 "cpumask",
 "log",
 "memory_addr",
 "page_table_entry",
 "page_table_multiarch",
 "percpu",
 "riscv_vcpu",
 "spin",
 "x86_vcpu",
]

[[package]]
name = "axvmconfig"
version = "0.1.0"
source = "git+https://github.com/arceos-hypervisor/axvmconfig.git#fabb085a6035d6e001630735e550228bc485e028"
dependencies = [
 "axerrno",
 "log",
 "serde",
 "serde_repr",
 "toml",
]

[[package]]
name = "bare-metal"
version = "0.2.5"
source = "registry+https://github.com/rust-lang/crates.io-index"
checksum = "5deb64efa5bd81e31fcd1938615a6d98c82eafcbcd787162b6f63b91d6bac5b3"
dependencies = [
 "rustc_version",
]

[[package]]
name = "base64"
version = "0.13.1"
source = "registry+https://github.com/rust-lang/crates.io-index"
checksum = "9e1b586273c5702936fe7b7d6896644d8be71e6314cfe09d3167c95f712589e8"

[[package]]
name = "bit"
version = "0.1.1"
source = "registry+https://github.com/rust-lang/crates.io-index"
checksum = "2b645c5c09a7d4035949cfce1a915785aaad6f17800c35fda8a8c311c491f284"

[[package]]
name = "bit_field"
version = "0.10.2"
source = "registry+https://github.com/rust-lang/crates.io-index"
checksum = "dc827186963e592360843fb5ba4b973e145841266c1357f7180c43526f2e5b61"

[[package]]
name = "bitflags"
version = "1.3.2"
source = "registry+https://github.com/rust-lang/crates.io-index"
checksum = "bef38d45163c2f1dde094a7dfd33ccf595c92905c8f8f4fdc18d06fb1037718a"

[[package]]
name = "bitflags"
version = "2.6.0"
source = "registry+https://github.com/rust-lang/crates.io-index"
checksum = "b048fb63fd8b5923fc5aa7b340d8e156aec7ec02f0c78fa8a6ddc2613f6f71de"

[[package]]
name = "bitmap-allocator"
version = "0.2.0"
source = "registry+https://github.com/rust-lang/crates.io-index"
checksum = "5553d824a3564e1c242975cfc962d15e6299bfa4a90c44c14208673c16df51f3"
dependencies = [
 "bit_field",
]

[[package]]
name = "bitmaps"
version = "3.2.1"
source = "registry+https://github.com/rust-lang/crates.io-index"
checksum = "a1d084b0137aaa901caf9f1e8b21daa6aa24d41cd806e111335541eff9683bd6"

[[package]]
name = "byteorder"
version = "1.5.0"
source = "registry+https://github.com/rust-lang/crates.io-index"
checksum = "1fd0f2584146f6f2ef48085050886acf353beff7305ebd1ae69500e27c67f64b"

[[package]]
name = "cap_access"
version = "0.1.0"
source = "registry+https://github.com/rust-lang/crates.io-index"
checksum = "c9b24894fa5f73bbf9c72196e7f495a1f81d6218a548280a09ada4a937157692"
dependencies = [
 "bitflags 2.6.0",
]

[[package]]
name = "cfg-if"
version = "1.0.0"
source = "registry+https://github.com/rust-lang/crates.io-index"
checksum = "baf1de4339761588bc0619e3cbc0120ee582ebb74b53b4efbf79117bd2da40fd"

[[package]]
name = "chrono"
version = "0.4.39"
source = "registry+https://github.com/rust-lang/crates.io-index"
checksum = "7e36cc9d416881d2e24f9a963be5fb1cd90966419ac844274161d10488b3e825"
dependencies = [
 "num-traits",
]

[[package]]
name = "clap"
version = "4.5.24"
source = "registry+https://github.com/rust-lang/crates.io-index"
checksum = "9560b07a799281c7e0958b9296854d6fafd4c5f31444a7e5bb1ad6dde5ccf1bd"
dependencies = [
 "clap_builder",
 "clap_derive",
]

[[package]]
name = "clap_builder"
version = "4.5.24"
source = "registry+https://github.com/rust-lang/crates.io-index"
checksum = "874e0dd3eb68bf99058751ac9712f622e61e6f393a94f7128fa26e3f02f5c7cd"
dependencies = [
 "anstream",
 "anstyle",
 "clap_lex",
 "strsim",
]

[[package]]
name = "clap_derive"
version = "4.5.24"
source = "registry+https://github.com/rust-lang/crates.io-index"
checksum = "54b755194d6389280185988721fffba69495eed5ee9feeee9a599b53db80318c"
dependencies = [
 "heck",
 "proc-macro2",
 "quote",
 "syn 2.0.93",
]

[[package]]
name = "clap_lex"
version = "0.7.4"
source = "registry+https://github.com/rust-lang/crates.io-index"
checksum = "f46ad14479a25103f283c0f10005961cf086d8dc42205bb44c46ac563475dca6"

[[package]]
name = "colorchoice"
version = "1.0.3"
source = "registry+https://github.com/rust-lang/crates.io-index"
checksum = "5b63caa9aa9397e2d9480a9b13673856c78d8ac123288526c37d7839f2a86990"

[[package]]
name = "const-default"
version = "1.0.0"
source = "registry+https://github.com/rust-lang/crates.io-index"
checksum = "0b396d1f76d455557e1218ec8066ae14bba60b4b36ecd55577ba979f5db7ecaa"

[[package]]
name = "const-random"
version = "0.1.18"
source = "registry+https://github.com/rust-lang/crates.io-index"
checksum = "87e00182fe74b066627d63b85fd550ac2998d4b0bd86bfed477a0ae4c7c71359"
dependencies = [
 "const-random-macro",
]

[[package]]
name = "const-random-macro"
version = "0.1.16"
source = "registry+https://github.com/rust-lang/crates.io-index"
checksum = "f9d839f2a20b0aee515dc581a6172f2321f96cab76c1a38a4c584a194955390e"
dependencies = [
 "getrandom",
 "once_cell",
 "tiny-keccak",
]

[[package]]
name = "cortex-a"
version = "8.1.1"
source = "registry+https://github.com/rust-lang/crates.io-index"
checksum = "8256fd5103e10027467cc7a97c9ff27fcc4547ea24864da0aff2e7aef6e18e28"
dependencies = [
 "tock-registers",
]

[[package]]
name = "cpumask"
version = "0.1.0"
source = "registry+https://github.com/rust-lang/crates.io-index"
checksum = "fe4266f1bd910c087ff8c7848882217b2b079742877b21d29614c11c16087d70"
dependencies = [
 "bitmaps",
]

[[package]]
name = "crate_interface"
version = "0.1.3"
source = "registry+https://github.com/rust-lang/crates.io-index"
checksum = "6af24c4862260a825484470f5526a91ad1031e04ab899be62478241231f62b46"
dependencies = [
 "proc-macro2",
 "quote",
 "syn 2.0.93",
]

[[package]]
name = "critical-section"
version = "1.2.0"
source = "registry+https://github.com/rust-lang/crates.io-index"
checksum = "790eea4361631c5e7d22598ecd5723ff611904e3344ce8720784c93e3d83d40b"

[[package]]
name = "crunchy"
version = "0.2.2"
source = "registry+https://github.com/rust-lang/crates.io-index"
checksum = "7a81dae078cea95a014a339291cec439d2f232ebe854a9d672b796c6afafa9b7"

[[package]]
name = "dw_apb_uart"
version = "0.1.0"
source = "registry+https://github.com/rust-lang/crates.io-index"
checksum = "f93d496c8faa9dc676ebfa225432e1e3b57645c9268ead889286546f6d39356d"
dependencies = [
 "tock-registers",
]

[[package]]
name = "embedded-hal"
version = "1.0.0"
source = "registry+https://github.com/rust-lang/crates.io-index"
checksum = "361a90feb7004eca4019fb28352a9465666b24f840f5c3cddf0ff13920590b89"

[[package]]
name = "equivalent"
version = "1.0.1"
source = "registry+https://github.com/rust-lang/crates.io-index"
checksum = "5443807d6dff69373d433ab9ef5378ad8df50ca6298caf15de6e52e24aaf54d5"

[[package]]
name = "fatfs"
version = "0.4.0"
source = "git+https://github.com/rafalh/rust-fatfs?rev=85f06e0#85f06e08edbd3368e1b0562f2fc1b6d178bf7b8a"
dependencies = [
 "bitflags 2.6.0",
 "log",
]

[[package]]
name = "getrandom"
version = "0.2.15"
source = "registry+https://github.com/rust-lang/crates.io-index"
checksum = "c4567c8db10ae91089c99af84c68c38da3ec2f087c3f82960bcdbf3656b6f4d7"
dependencies = [
 "cfg-if",
 "libc",
 "wasi",
]

[[package]]
name = "handler_table"
version = "0.1.1"
source = "registry+https://github.com/rust-lang/crates.io-index"
checksum = "e81913856cda07e1e7044a375043c2e4429ddb7d94a0d4ad10d4c27796ce4bd9"

[[package]]
name = "hashbrown"
version = "0.14.5"
source = "registry+https://github.com/rust-lang/crates.io-index"
checksum = "e5274423e17b7c9fc20b6e7e208532f9b19825d82dfd615708b70edd83df41f1"
dependencies = [
 "ahash",
 "allocator-api2",
]

[[package]]
name = "hashbrown"
version = "0.15.2"
source = "registry+https://github.com/rust-lang/crates.io-index"
checksum = "bf151400ff0baff5465007dd2f3e717f3fe502074ca563069ce3a6629d07b289"

[[package]]
name = "heck"
version = "0.5.0"
source = "registry+https://github.com/rust-lang/crates.io-index"
checksum = "2304e00983f87ffb38b55b444b5e3b60a884b5d30c0fca7d82fe33449bbe55ea"

[[package]]
name = "indexmap"
version = "2.7.0"
source = "registry+https://github.com/rust-lang/crates.io-index"
checksum = "62f822373a4fe84d4bb149bf54e584a7f4abec90e072ed49cda0edea5b95471f"
dependencies = [
 "equivalent",
 "hashbrown 0.15.2",
]

[[package]]
name = "int_ratio"
version = "0.1.1"
source = "registry+https://github.com/rust-lang/crates.io-index"
checksum = "bd361c344145620f0c02e56200ca3e3a45203121447376519a9070e546b2916f"

[[package]]
name = "is_terminal_polyfill"
version = "1.70.1"
source = "registry+https://github.com/rust-lang/crates.io-index"
checksum = "7943c866cc5cd64cbc25b2e01621d07fa8eb2a1a23160ee81ce38704e97b8ecf"

[[package]]
name = "kernel_guard"
version = "0.1.1"
source = "registry+https://github.com/rust-lang/crates.io-index"
checksum = "36172feaa47f9967efd3bc5fc77462899286e821de3de68c5fe88176a24d3a1f"
dependencies = [
 "cfg-if",
 "crate_interface",
]

[[package]]
name = "kspin"
version = "0.1.0"
source = "registry+https://github.com/rust-lang/crates.io-index"
checksum = "51954c939251c5899b6e953aa0ed8903c5c0d1140fc7ce3a8fd60c931d694f6e"
dependencies = [
 "cfg-if",
 "kernel_guard",
]

[[package]]
name = "lazy_static"
version = "1.5.0"
source = "registry+https://github.com/rust-lang/crates.io-index"
checksum = "bbd2bcb4c963f2ddae06a2efc7e9f3591312473c50c6685e1f298068316e66fe"

[[package]]
name = "lazyinit"
version = "0.2.1"
source = "registry+https://github.com/rust-lang/crates.io-index"
checksum = "3861aac8febbb038673bf945ee47ac67940ca741b94d1bb3ff6066af2a181338"

[[package]]
name = "libc"
version = "0.2.169"
source = "registry+https://github.com/rust-lang/crates.io-index"
checksum = "b5aba8db14291edd000dfcc4d620c7ebfb122c613afb886ca8803fa4e128a20a"

[[package]]
name = "linked_list"
version = "0.1.0"
source = "git+https://github.com/arceos-org/linked_list.git?tag=v0.1.0#34c8db301882cecfeb56df0f7c89978dbc62f49a"

[[package]]
name = "linkme"
version = "0.3.31"
source = "registry+https://github.com/rust-lang/crates.io-index"
checksum = "566336154b9e58a4f055f6dd4cbab62c7dc0826ce3c0a04e63b2d2ecd784cdae"
dependencies = [
 "linkme-impl",
]

[[package]]
name = "linkme-impl"
version = "0.3.31"
source = "registry+https://github.com/rust-lang/crates.io-index"
checksum = "edbe595006d355eaf9ae11db92707d4338cd2384d16866131cc1afdbdd35d8d9"
dependencies = [
 "proc-macro2",
 "quote",
 "syn 2.0.93",
]

[[package]]
name = "lock_api"
version = "0.4.12"
source = "registry+https://github.com/rust-lang/crates.io-index"
checksum = "07af8b9cdd281b7915f413fa73f29ebd5d55d0d3f0155584dade1ff18cea1b17"
dependencies = [
 "autocfg",
 "scopeguard",
]

[[package]]
name = "log"
version = "0.4.21"
source = "registry+https://github.com/rust-lang/crates.io-index"
checksum = "90ed8c1e510134f979dbc4f070f87d4313098b704861a105fe34231c70a3901c"

[[package]]
name = "memchr"
version = "2.7.4"
source = "registry+https://github.com/rust-lang/crates.io-index"
checksum = "78ca9ab1a0babb1e7d5695e3530886289c18cf2f87ec19a575a0abdce112e3a3"

[[package]]
name = "memoffset"
version = "0.9.1"
source = "registry+https://github.com/rust-lang/crates.io-index"
checksum = "488016bfae457b036d996092f6cb448677611ce4449e970ceaf42695203f218a"
dependencies = [
 "autocfg",
]

[[package]]
name = "memory_addr"
version = "0.3.1"
source = "registry+https://github.com/rust-lang/crates.io-index"
checksum = "6f769efcf10b9dfb4c913bebb409cda77b1a3f072b249bf5465e250bcb30eb49"

[[package]]
name = "memory_set"
version = "0.3.1"
source = "registry+https://github.com/rust-lang/crates.io-index"
checksum = "335675b7ab07460f532d3b2b557313be73037fdf81b65464d8c0d8bd90d2fbf9"
dependencies = [
 "memory_addr",
]

[[package]]
name = "num-traits"
version = "0.2.19"
source = "registry+https://github.com/rust-lang/crates.io-index"
checksum = "071dfc062690e90b734c0b2273ce72ad0ffa95f0c74596bc250dcfd960262841"
dependencies = [
 "autocfg",
]

[[package]]
name = "numeric-enum-macro"
version = "0.2.0"
source = "registry+https://github.com/rust-lang/crates.io-index"
checksum = "300e4bdb6b46b592948e700ea1ef24a4296491f6a0ee722b258040abd15a3714"

[[package]]
name = "once_cell"
version = "1.20.2"
source = "registry+https://github.com/rust-lang/crates.io-index"
checksum = "1261fe7e33c73b354eab43b1273a57c8f967d0391e80353e51f764ac02cf6775"

[[package]]
name = "page_table_entry"
version = "0.5.0"
source = "registry+https://github.com/rust-lang/crates.io-index"
checksum = "069d6f06c815a18754ddf47c44a3b70ece3ce62ac092e078024cfcc0c12185f4"
dependencies = [
 "aarch64-cpu",
 "bitflags 2.6.0",
 "memory_addr",
 "x86_64 0.15.2",
]

[[package]]
name = "page_table_multiarch"
version = "0.5.0"
source = "registry+https://github.com/rust-lang/crates.io-index"
checksum = "7c738806353b61519d78f1d8813b06360b5c5ee1d3daca9b12597cf1b7cb568b"
dependencies = [
 "log",
 "memory_addr",
 "page_table_entry",
 "riscv 0.11.1",
 "x86",
]

[[package]]
name = "paste"
version = "1.0.15"
source = "registry+https://github.com/rust-lang/crates.io-index"
checksum = "57c0d7b74b563b49d38dae00a0c37d4d6de9b432382b2892f0574ddcae73fd0a"

[[package]]
name = "percpu"
version = "0.1.6"
source = "registry+https://github.com/rust-lang/crates.io-index"
checksum = "66a1cb7a2ae1e4ada6e7fd9e46b6b2024353f28d17661d480c8238927571cbd3"
dependencies = [
 "cfg-if",
 "percpu_macros",
 "spin",
 "x86",
]

[[package]]
name = "percpu_macros"
version = "0.1.6"
source = "registry+https://github.com/rust-lang/crates.io-index"
checksum = "f56d145a4b532545c4932380a01bde738cc2f0bf2e18578358b2937e727231f5"
dependencies = [
 "proc-macro2",
 "quote",
 "syn 2.0.93",
]

[[package]]
name = "proc-macro2"
version = "1.0.92"
source = "registry+https://github.com/rust-lang/crates.io-index"
checksum = "37d3544b3f2748c54e147655edb5025752e2303145b5aefb3c3ea2c78b973bb0"
dependencies = [
 "unicode-ident",
]

[[package]]
name = "quote"
version = "1.0.38"
source = "registry+https://github.com/rust-lang/crates.io-index"
checksum = "0e4dccaaaf89514f546c693ddc140f729f958c247918a13380cccc6078391acc"
dependencies = [
 "proc-macro2",
]

[[package]]
name = "raw-cpuid"
version = "10.7.0"
source = "registry+https://github.com/rust-lang/crates.io-index"
checksum = "6c297679cb867470fa8c9f67dbba74a78d78e3e98d7cf2b08d6d71540f797332"
dependencies = [
 "bitflags 1.3.2",
]

[[package]]
name = "raw-cpuid"
version = "11.2.0"
source = "registry+https://github.com/rust-lang/crates.io-index"
checksum = "1ab240315c661615f2ee9f0f2cd32d5a7343a84d5ebcccb99d46e6637565e7b0"
dependencies = [
 "bitflags 2.6.0",
]

[[package]]
name = "regex"
version = "1.11.1"
source = "registry+https://github.com/rust-lang/crates.io-index"
checksum = "b544ef1b4eac5dc2db33ea63606ae9ffcfac26c1416a2806ae0bf5f56b201191"
dependencies = [
 "aho-corasick",
 "memchr",
 "regex-automata",
 "regex-syntax",
]

[[package]]
name = "regex-automata"
version = "0.4.9"
source = "registry+https://github.com/rust-lang/crates.io-index"
checksum = "809e8dc61f6de73b46c85f4c96486310fe304c434cfa43669d7b40f711150908"
dependencies = [
 "aho-corasick",
 "memchr",
 "regex-syntax",
]

[[package]]
name = "regex-syntax"
version = "0.8.5"
source = "registry+https://github.com/rust-lang/crates.io-index"
checksum = "2b15c43186be67a4fd63bee50d0303afffcef381492ebe2c5d87f324e1b8815c"

[[package]]
name = "riscv"
version = "0.6.0"
source = "git+https://github.com/rcore-os/riscv#11d43cf7cccb3b62a3caaf3e07a1db7449588f9a"
dependencies = [
 "bare-metal",
 "bit_field",
 "bitflags 1.3.2",
 "log",
 "riscv-target",
]

[[package]]
name = "riscv"
version = "0.11.1"
source = "registry+https://github.com/rust-lang/crates.io-index"
checksum = "2f5c1b8bf41ea746266cdee443d1d1e9125c86ce1447e1a2615abd34330d33a9"
dependencies = [
 "critical-section",
 "embedded-hal",
]

[[package]]
name = "riscv-decode"
version = "0.2.1"
source = "git+https://github.com/KuangjuX/riscv-decode.git#0e346d0ad041987023caa6f7f832185ed568630b"

[[package]]
name = "riscv-target"
version = "0.1.2"
source = "registry+https://github.com/rust-lang/crates.io-index"
checksum = "88aa938cda42a0cf62a20cfe8d139ff1af20c2e681212b5b34adb5a58333f222"
dependencies = [
 "lazy_static",
 "regex",
]

[[package]]
name = "riscv_vcpu"
version = "0.1.0"
source = "git+https://github.com/arceos-hypervisor/riscv_vcpu.git#15d74de5dc7d38b39b6087ac290f7d1275a8e883"
dependencies = [
 "axaddrspace 0.1.0 (git+https://github.com/arceos-hypervisor/axaddrspace.git)",
 "axerrno",
 "axvcpu 0.1.0 (git+https://github.com/arceos-hypervisor/axvcpu.git)",
 "bit_field",
 "bitflags 2.6.0",
 "cfg-if",
 "crate_interface",
 "log",
 "memoffset",
 "memory_addr",
 "page_table_entry",
 "riscv 0.6.0",
 "riscv-decode",
 "rustsbi",
 "sbi-rt",
 "sbi-spec",
 "tock-registers",
]

[[package]]
name = "rlsf"
version = "0.2.1"
source = "registry+https://github.com/rust-lang/crates.io-index"
checksum = "222fb240c3286247ecdee6fa5341e7cdad0ffdf8e7e401d9937f2d58482a20bf"
dependencies = [
 "cfg-if",
 "const-default",
 "libc",
 "svgbobdoc",
]

[[package]]
name = "rustc_version"
version = "0.2.3"
source = "registry+https://github.com/rust-lang/crates.io-index"
checksum = "138e3e0acb6c9fb258b19b67cb8abd63c00679d2851805ea151465464fe9030a"
dependencies = [
 "semver",
]

[[package]]
name = "rustsbi"
version = "0.4.0"
source = "registry+https://github.com/rust-lang/crates.io-index"
checksum = "44c13763120794ed11d64bac885fb31d384ae385c3287b0697711b97affbf8ab"
dependencies = [
 "rustsbi-macros",
 "sbi-rt",
 "sbi-spec",
]

[[package]]
name = "rustsbi-macros"
version = "0.0.2"
source = "registry+https://github.com/rust-lang/crates.io-index"
checksum = "a71347da9582cc6b6f3652c7d2c06516c9555690b3738ecdff7e84297f4e17fc"
dependencies = [
 "proc-macro2",
 "quote",
 "syn 2.0.93",
]

[[package]]
name = "rustversion"
version = "1.0.19"
source = "registry+https://github.com/rust-lang/crates.io-index"
checksum = "f7c45b9784283f1b2e7fb61b42047c2fd678ef0960d4f6f1eba131594cc369d4"

[[package]]
name = "sbi-rt"
version = "0.0.3"
source = "registry+https://github.com/rust-lang/crates.io-index"
checksum = "7fbaa69be1eedc61c426e6d489b2260482e928b465360576900d52d496a58bd0"
dependencies = [
 "sbi-spec",
]

[[package]]
name = "sbi-spec"
version = "0.0.7"
source = "registry+https://github.com/rust-lang/crates.io-index"
checksum = "e6e36312fb5ddc10d08ecdc65187402baba4ac34585cb9d1b78522ae2358d890"

[[package]]
name = "scheduler"
version = "0.1.0"
source = "git+https://github.com/arceos-org/scheduler.git?tag=v0.1.0#c8d25d9aed146dca28dc8987afd229b52c20361a"
dependencies = [
 "linked_list",
]

[[package]]
name = "scopeguard"
version = "1.2.0"
source = "registry+https://github.com/rust-lang/crates.io-index"
checksum = "94143f37725109f92c262ed2cf5e59bce7498c01bcc1502d7b9afe439a4e9f49"

[[package]]
name = "semver"
version = "0.9.0"
source = "registry+https://github.com/rust-lang/crates.io-index"
checksum = "1d7eb9ef2c18661902cc47e535f9bc51b78acd254da71d375c2f6720d9a40403"
dependencies = [
 "semver-parser",
]

[[package]]
name = "semver-parser"
version = "0.7.0"
source = "registry+https://github.com/rust-lang/crates.io-index"
checksum = "388a1df253eca08550bef6c72392cfe7c30914bf41df5269b68cbd6ff8f570a3"

[[package]]
name = "serde"
version = "1.0.217"
source = "registry+https://github.com/rust-lang/crates.io-index"
checksum = "02fc4265df13d6fa1d00ecff087228cc0a2b5f3c0e87e258d8b94a156e984c70"
dependencies = [
 "serde_derive",
]

[[package]]
name = "serde_derive"
version = "1.0.217"
source = "registry+https://github.com/rust-lang/crates.io-index"
checksum = "5a9bf7cf98d04a2b28aead066b7496853d4779c9cc183c440dbac457641e19a0"
dependencies = [
 "proc-macro2",
 "quote",
 "syn 2.0.93",
]

[[package]]
name = "serde_repr"
version = "0.1.19"
source = "registry+https://github.com/rust-lang/crates.io-index"
checksum = "6c64451ba24fc7a6a2d60fc75dd9c83c90903b19028d4eff35e88fc1e86564e9"
dependencies = [
 "proc-macro2",
 "quote",
 "syn 2.0.93",
]

[[package]]
name = "serde_spanned"
version = "0.6.6"
source = "git+https://github.com/arceos-hypervisor/toml.git?branch=no_std#fdb24a160d68ee9f8f42b34fffaa3640e94ed604"
dependencies = [
 "serde",
]

[[package]]
name = "spin"
version = "0.9.8"
source = "registry+https://github.com/rust-lang/crates.io-index"
checksum = "6980e8d7511241f8acf4aebddbb1ff938df5eebe98691418c4468d0b72a96a67"
dependencies = [
 "lock_api",
]

[[package]]
name = "static_assertions"
version = "1.1.0"
source = "registry+https://github.com/rust-lang/crates.io-index"
checksum = "a2eb9349b6444b326872e140eb1cf5e7c522154d69e7a0ffb0fb81c06b37543f"

[[package]]
name = "strsim"
version = "0.11.1"
source = "registry+https://github.com/rust-lang/crates.io-index"
checksum = "7da8b5736845d9f2fcb837ea5d9e2628564b3b043a70948a3f0b778838c5fb4f"

[[package]]
name = "svgbobdoc"
version = "0.3.0"
source = "registry+https://github.com/rust-lang/crates.io-index"
checksum = "f2c04b93fc15d79b39c63218f15e3fdffaa4c227830686e3b7c5f41244eb3e50"
dependencies = [
 "base64",
 "proc-macro2",
 "quote",
 "syn 1.0.109",
 "unicode-width",
]

[[package]]
name = "syn"
version = "1.0.109"
source = "registry+https://github.com/rust-lang/crates.io-index"
checksum = "72b64191b275b66ffe2469e8af2c1cfe3bafa67b529ead792a6d0160888b4237"
dependencies = [
 "proc-macro2",
 "quote",
 "unicode-ident",
]

[[package]]
name = "syn"
version = "2.0.93"
source = "registry+https://github.com/rust-lang/crates.io-index"
checksum = "9c786062daee0d6db1132800e623df74274a0a87322d8e183338e01b3d98d058"
dependencies = [
 "proc-macro2",
 "quote",
 "unicode-ident",
]

[[package]]
name = "timer_list"
version = "0.1.0"
source = "registry+https://github.com/rust-lang/crates.io-index"
checksum = "158b52ace9609dd94f4af338f4828ff23b600d9160def8c001f2c73885521936"

[[package]]
name = "tiny-keccak"
version = "2.0.2"
source = "registry+https://github.com/rust-lang/crates.io-index"
checksum = "2c9d3793400a45f954c52e73d068316d76b6f4e36977e3fcebb13a2721e80237"
dependencies = [
 "crunchy",
]

[[package]]
name = "tock-registers"
version = "0.8.1"
source = "registry+https://github.com/rust-lang/crates.io-index"
checksum = "696941a0aee7e276a165a978b37918fd5d22c55c3d6bda197813070ca9c0f21c"

[[package]]
name = "toml"
version = "0.8.14"
source = "git+https://github.com/arceos-hypervisor/toml.git?branch=no_std#fdb24a160d68ee9f8f42b34fffaa3640e94ed604"
dependencies = [
 "hashbrown 0.14.5",
 "serde",
 "serde_spanned",
 "toml_datetime 0.6.6",
 "toml_edit 0.22.15",
]

[[package]]
name = "toml_datetime"
version = "0.6.6"
source = "git+https://github.com/arceos-hypervisor/toml.git?branch=no_std#fdb24a160d68ee9f8f42b34fffaa3640e94ed604"
dependencies = [
 "serde",
]

[[package]]
name = "toml_datetime"
version = "0.6.8"
source = "registry+https://github.com/rust-lang/crates.io-index"
checksum = "0dd7358ecb8fc2f8d014bf86f6f638ce72ba252a2c3a2572f2a795f1d23efb41"

[[package]]
name = "toml_edit"
version = "0.22.15"
source = "git+https://github.com/arceos-hypervisor/toml.git?branch=no_std#fdb24a160d68ee9f8f42b34fffaa3640e94ed604"
dependencies = [
 "ahash",
 "hashbrown 0.14.5",
 "indexmap",
 "serde",
 "serde_spanned",
 "toml_datetime 0.6.6",
 "winnow",
]

[[package]]
name = "toml_edit"
version = "0.22.22"
source = "registry+https://github.com/rust-lang/crates.io-index"
checksum = "4ae48d6208a266e853d946088ed816055e556cc6028c5e8e2b84d9fa5dd7c7f5"
dependencies = [
 "indexmap",
 "toml_datetime 0.6.8",
 "winnow",
]

[[package]]
name = "unicode-ident"
version = "1.0.14"
source = "registry+https://github.com/rust-lang/crates.io-index"
checksum = "adb9e6ca4f869e1180728b7950e35922a7fc6397f7b641499e8f3ef06e50dc83"

[[package]]
name = "unicode-width"
version = "0.1.14"
source = "registry+https://github.com/rust-lang/crates.io-index"
checksum = "7dd6e30e90baa6f72411720665d41d89b9a3d039dc45b8faea1ddd07f617f6af"

[[package]]
name = "utf8parse"
version = "0.2.2"
source = "registry+https://github.com/rust-lang/crates.io-index"
checksum = "06abde3611657adf66d383f00b093d7faecc7fa57071cce2578660c9f1010821"

[[package]]
name = "version_check"
version = "0.9.5"
source = "registry+https://github.com/rust-lang/crates.io-index"
checksum = "0b928f33d975fc6ad9f86c8f283853ad26bdd5b10b7f1542aa2fa15e2289105a"

[[package]]
name = "virtio-drivers"
version = "0.7.4"
source = "registry+https://github.com/rust-lang/crates.io-index"
checksum = "aa40e09453618c7a927c08c5a990497a2954da7c2aaa6c65e0d4f0fc975f6114"
dependencies = [
 "bitflags 2.6.0",
 "log",
 "zerocopy",
]

[[package]]
name = "volatile"
version = "0.4.6"
source = "registry+https://github.com/rust-lang/crates.io-index"
checksum = "442887c63f2c839b346c192d047a7c87e73d0689c9157b00b53dcc27dd5ea793"

[[package]]
name = "wasi"
version = "0.11.0+wasi-snapshot-preview1"
source = "registry+https://github.com/rust-lang/crates.io-index"
checksum = "9c8d87e72b64a3b4db28d11ce29237c246188f4f51057d65a7eab63b7987e423"

[[package]]
name = "windows-sys"
version = "0.59.0"
source = "registry+https://github.com/rust-lang/crates.io-index"
checksum = "1e38bc4d79ed67fd075bcc251a1c39b32a1776bbe92e5bef1f0bf1f8c531853b"
dependencies = [
 "windows-targets",
]

[[package]]
name = "windows-targets"
version = "0.52.6"
source = "registry+https://github.com/rust-lang/crates.io-index"
checksum = "9b724f72796e036ab90c1021d4780d4d3d648aca59e491e6b98e725b84e99973"
dependencies = [
 "windows_aarch64_gnullvm",
 "windows_aarch64_msvc",
 "windows_i686_gnu",
 "windows_i686_gnullvm",
 "windows_i686_msvc",
 "windows_x86_64_gnu",
 "windows_x86_64_gnullvm",
 "windows_x86_64_msvc",
]

[[package]]
name = "windows_aarch64_gnullvm"
version = "0.52.6"
source = "registry+https://github.com/rust-lang/crates.io-index"
checksum = "32a4622180e7a0ec044bb555404c800bc9fd9ec262ec147edd5989ccd0c02cd3"

[[package]]
name = "windows_aarch64_msvc"
version = "0.52.6"
source = "registry+https://github.com/rust-lang/crates.io-index"
checksum = "09ec2a7bb152e2252b53fa7803150007879548bc709c039df7627cabbd05d469"

[[package]]
name = "windows_i686_gnu"
version = "0.52.6"
source = "registry+https://github.com/rust-lang/crates.io-index"
checksum = "8e9b5ad5ab802e97eb8e295ac6720e509ee4c243f69d781394014ebfe8bbfa0b"

[[package]]
name = "windows_i686_gnullvm"
version = "0.52.6"
source = "registry+https://github.com/rust-lang/crates.io-index"
checksum = "0eee52d38c090b3caa76c563b86c3a4bd71ef1a819287c19d586d7334ae8ed66"

[[package]]
name = "windows_i686_msvc"
version = "0.52.6"
source = "registry+https://github.com/rust-lang/crates.io-index"
checksum = "240948bc05c5e7c6dabba28bf89d89ffce3e303022809e73deaefe4f6ec56c66"

[[package]]
name = "windows_x86_64_gnu"
version = "0.52.6"
source = "registry+https://github.com/rust-lang/crates.io-index"
checksum = "147a5c80aabfbf0c7d901cb5895d1de30ef2907eb21fbbab29ca94c5b08b1a78"

[[package]]
name = "windows_x86_64_gnullvm"
version = "0.52.6"
source = "registry+https://github.com/rust-lang/crates.io-index"
checksum = "24d5b23dc417412679681396f2b49f3de8c1473deb516bd34410872eff51ed0d"

[[package]]
name = "windows_x86_64_msvc"
version = "0.52.6"
source = "registry+https://github.com/rust-lang/crates.io-index"
checksum = "589f6da84c646204747d1270a2a5661ea66ed1cced2631d546fdfb155959f9ec"

[[package]]
name = "winnow"
version = "0.6.20"
source = "registry+https://github.com/rust-lang/crates.io-index"
checksum = "36c1fec1a2bb5866f07c25f68c26e565c4c200aebb96d7e55710c19d3e8ac49b"
dependencies = [
 "memchr",
]

[[package]]
name = "x2apic"
version = "0.4.3"
source = "registry+https://github.com/rust-lang/crates.io-index"
checksum = "cbcd582541cbb8ef1dfc24a3c849a64ff074b1b512af723ad90056558d424602"
dependencies = [
 "bit",
 "bitflags 1.3.2",
 "paste",
 "raw-cpuid 10.7.0",
 "x86_64 0.14.13",
]

[[package]]
name = "x86"
version = "0.52.0"
source = "registry+https://github.com/rust-lang/crates.io-index"
checksum = "2781db97787217ad2a2845c396a5efe286f87467a5810836db6d74926e94a385"
dependencies = [
 "bit_field",
 "bitflags 1.3.2",
 "raw-cpuid 10.7.0",
]

[[package]]
name = "x86_64"
version = "0.14.13"
source = "registry+https://github.com/rust-lang/crates.io-index"
checksum = "c101112411baafbb4bf8d33e4c4a80ab5b02d74d2612331c61e8192fc9710491"
dependencies = [
 "bit_field",
 "bitflags 2.6.0",
 "rustversion",
 "volatile",
]

[[package]]
name = "x86_64"
version = "0.15.2"
source = "registry+https://github.com/rust-lang/crates.io-index"
checksum = "0f042214de98141e9c8706e8192b73f56494087cc55ebec28ce10f26c5c364ae"
dependencies = [
 "bit_field",
 "bitflags 2.6.0",
 "rustversion",
 "volatile",
]

[[package]]
name = "x86_vcpu"
version = "0.1.0"
source = "git+https://github.com/arceos-hypervisor/x86_vcpu.git#5f6eaf4157ee8385ba1a2bfe5060098be18b0245"
dependencies = [
 "axaddrspace 0.1.0 (git+https://github.com/arceos-hypervisor/axaddrspace.git?branch=inject_interrupt)",
 "axerrno",
 "axvcpu 0.1.0 (git+https://github.com/arceos-hypervisor/axvcpu.git?branch=inject_interrupt)",
 "bit_field",
 "bitflags 2.6.0",
 "cfg-if",
 "crate_interface",
 "log",
 "memory_addr",
 "numeric-enum-macro",
 "page_table_entry",
 "raw-cpuid 11.2.0",
 "x86",
 "x86_64 0.15.2",
]

[[package]]
name = "zerocopy"
version = "0.7.35"
source = "registry+https://github.com/rust-lang/crates.io-index"
checksum = "1b9b4fd18abc82b8136838da5d50bae7bdea537c574d8dc1a34ed098d6c166f0"
dependencies = [
 "byteorder",
 "zerocopy-derive",
]

[[package]]
name = "zerocopy-derive"
version = "0.7.35"
source = "registry+https://github.com/rust-lang/crates.io-index"
checksum = "fa4f8080344d4671fb4e831a13ad1e68092748387dfc4f55e356242fae12ce3e"
dependencies = [
 "proc-macro2",
 "quote",
 "syn 2.0.93",
]
